
Microsoft Visual Studio Solution File, Format Version 12.00
# Visual Studio Version 17
VisualStudioVersion = 17.7.34031.279
MinimumVisualStudioVersion = 10.0.40219.1
Project("{9A19103F-16F7-4668-BE54-9A1E7A4F7556}") = "ImageAPI", "ImageAPI\ImageAPI.csproj", "{23F2730C-9174-49D5-94FF-EBC41FBA2F7E}"
EndProject
Global
	GlobalSection(SolutionConfigurationPlatforms) = preSolution
		Debug|Any CPU = Debug|Any CPU
		Release|Any CPU = Release|Any CPU
	EndGlobalSection
	GlobalSection(ProjectConfigurationPlatforms) = postSolution
		{23F2730C-9174-49D5-94FF-EBC41FBA2F7E}.Debug|Any CPU.ActiveCfg = Debug|Any CPU
		{23F2730C-9174-49D5-94FF-EBC41FBA2F7E}.Debug|Any CPU.Build.0 = Debug|Any CPU
		{23F2730C-9174-49D5-94FF-EBC41FBA2F7E}.Release|Any CPU.ActiveCfg = Release|Any CPU
		{23F2730C-9174-49D5-94FF-EBC41FBA2F7E}.Release|Any CPU.Build.0 = Release|Any CPU
	EndGlobalSection
	GlobalSection(SolutionProperties) = preSolution
		HideSolutionNode = FALSE
	EndGlobalSection
	GlobalSection(ExtensibilityGlobals) = postSolution
		SolutionGuid = {59012DB8-EE4A-47D9-B9A5-5EE4FEF1C508}
	EndGlobalSection
EndGlobal
